
Microsoft Visual Studio Solution File, Format Version 12.00
# Visual Studio Version 17
VisualStudioVersion = 17.4.33110.190
MinimumVisualStudioVersion = 10.0.40219.1
Project("{FAE04EC0-301F-11D3-BF4B-00C04F79EFBC}") = "PizzaStorePOS", "PyramidPOS\PizzaStorePOS.csproj", "{16CF8820-D8F8-4517-B99B-AA3D9B1AF832}"
EndProject
Global
	GlobalSection(SolutionConfigurationPlatforms) = preSolution
		Debug|Any CPU = Debug|Any CPU
		Release|Any CPU = Release|Any CPU
	EndGlobalSection
	GlobalSection(ProjectConfigurationPlatforms) = postSolution
		{16CF8820-D8F8-4517-B99B-AA3D9B1AF832}.Debug|Any CPU.ActiveCfg = Debug|Any CPU
		{16CF8820-D8F8-4517-B99B-AA3D9B1AF832}.Debug|Any CPU.Build.0 = Debug|Any CPU
		{16CF8820-D8F8-4517-B99B-AA3D9B1AF832}.Release|Any CPU.ActiveCfg = Release|Any CPU
		{16CF8820-D8F8-4517-B99B-AA3D9B1AF832}.Release|Any CPU.Build.0 = Release|Any CPU
	EndGlobalSection
	GlobalSection(SolutionProperties) = preSolution
		HideSolutionNode = FALSE
	EndGlobalSection
	GlobalSection(ExtensibilityGlobals) = postSolution
		SolutionGuid = {DA12175A-3113-46D4-8450-11D943B4C9A6}
	EndGlobalSection
EndGlobal
